
Microsoft Visual Studio Solution File, Format Version 12.00
# Visual Studio Version 17
VisualStudioVersion = 17.3.32901.215
MinimumVisualStudioVersion = 10.0.40219.1
Project("{FAE04EC0-301F-11D3-BF4B-00C04F79EFBC}") = "HellsingPc", "HellsingPc.csproj", "{3AB1E415-F2AF-422A-99BA-1897B4E1B52D}"
EndProject
Global
	GlobalSection(SolutionConfigurationPlatforms) = preSolution
		Debug|Any CPU = Debug|Any CPU
		Release|Any CPU = Release|Any CPU
	EndGlobalSection
	GlobalSection(ProjectConfigurationPlatforms) = postSolution
		{3AB1E415-F2AF-422A-99BA-1897B4E1B52D}.Debug|Any CPU.ActiveCfg = Debug|Any CPU
		{3AB1E415-F2AF-422A-99BA-1897B4E1B52D}.Debug|Any CPU.Build.0 = Debug|Any CPU
		{3AB1E415-F2AF-422A-99BA-1897B4E1B52D}.Release|Any CPU.ActiveCfg = Release|Any CPU
		{3AB1E415-F2AF-422A-99BA-1897B4E1B52D}.Release|Any CPU.Build.0 = Release|Any CPU
	EndGlobalSection
	GlobalSection(SolutionProperties) = preSolution
		HideSolutionNode = FALSE
	EndGlobalSection
	GlobalSection(ExtensibilityGlobals) = postSolution
		SolutionGuid = {17F9890A-898C-48F8-A8F5-D90868D9E3A2}
	EndGlobalSection
EndGlobal
